# This file is generated by running "yarn install" inside your project.
# Manual changes might be lost - proceed with caution!

__metadata:
  version: 8
  cacheKey: 10c0

"commander@npm:^12.1.0":
  version: 12.1.0
  resolution: "commander@npm:12.1.0"
  checksum: 10c0/6e1996680c083b3b897bfc1cfe1c58dfbcd9842fd43e1aaf8a795fbc237f65efcc860a3ef457b318e73f29a4f4a28f6403c3d653d021d960e4632dd45bde54a9
  languageName: node
  linkType: hard

"simple_comunica_benchmark_runner@workspace:.":
  version: 0.0.0-use.local
  resolution: "simple_comunica_benchmark_runner@workspace:."
  dependencies:
    commander: "npm:^12.1.0"
  languageName: unknown
  linkType: soft
